// !$*UTF8*$!
{
	archiveVersion = 1;
	classes = {
	};
	objectVersion = 46;
	objects = {

/* Begin PBXBuildFile section */
		5709EB5116F2837F0088DE0E /* HPMSdk.x64.dylib in CopyFiles */ = {isa = PBXBuildFile; fileRef = 5709EB5016F283760088DE0E /* HPMSdk.x64.dylib */; };
		572BE55A16F3677A00828DA9 /* HPMSdk.c in Sources */ = {isa = PBXBuildFile; fileRef = 572BE55916F3677A00828DA9 /* HPMSdk.c */; };
		57C00D1E16E73C1200F124E1 /* HansoftSDKSample_Simple.cpp in Sources */ = {isa = PBXBuildFile; fileRef = 57C00D1D16E73C1200F124E1 /* HansoftSDKSample_Simple.cpp */; };
/* End PBXBuildFile section */

/* Begin PBXCopyFilesBuildPhase section */
		57C00D0F16E73B8F00F124E1 /* CopyFiles */ = {
			isa = PBXCopyFilesBuildPhase;
			buildActionMask = 12;
			dstPath = "";
			dstSubfolderSpec = 16;
			files = (
				5709EB5116F2837F0088DE0E /* HPMSdk.x64.dylib in CopyFiles */,
			);
			runOnlyForDeploymentPostprocessing = 0;
		};
/* End PBXCopyFilesBuildPhase section */

/* Begin PBXFileReference section */
		5709EB5016F283760088DE0E /* HPMSdk.x64.dylib */ = {isa = PBXFileReference; lastKnownFileType = "compiled.mach-o.bundle"; name = HPMSdk.x64.dylib; path = ../../OSX10.7/HPMSdk.x64.dylib; sourceTree = "<group>"; };
		572BE55916F3677A00828DA9 /* HPMSdk.c */ = {isa = PBXFileReference; fileEncoding = 4; lastKnownFileType = sourcecode.c.c; name = HPMSdk.c; path = ../../HPMSdk.c; sourceTree = SOURCE_ROOT; };
		57C00D1116E73B8F00F124E1 /* HansoftSDKSample_Simple */ = {isa = PBXFileReference; explicitFileType = "compiled.mach-o.executable"; includeInIndex = 0; path = HansoftSDKSample_Simple; sourceTree = BUILT_PRODUCTS_DIR; };
		57C00D1D16E73C1200F124E1 /* HansoftSDKSample_Simple.cpp */ = {isa = PBXFileReference; fileEncoding = 4; lastKnownFileType = sourcecode.cpp.cpp; path = HansoftSDKSample_Simple.cpp; sourceTree = SOURCE_ROOT; };
/* End PBXFileReference section */

/* Begin PBXFrameworksBuildPhase section */
		57C00D0E16E73B8F00F124E1 /* Frameworks */ = {
			isa = PBXFrameworksBuildPhase;
			buildActionMask = 2147483647;
			files = (
			);
			runOnlyForDeploymentPostprocessing = 0;
		};
/* End PBXFrameworksBuildPhase section */

/* Begin PBXGroup section */
		57C00D0816E73B8F00F124E1 = {
			isa = PBXGroup;
			children = (
				5709EB5016F283760088DE0E /* HPMSdk.x64.dylib */,
				57C00D1316E73B8F00F124E1 /* HansoftSDKSample_Simple */,
				57C00D1216E73B8F00F124E1 /* Products */,
			);
			sourceTree = "<group>";
		};
		57C00D1216E73B8F00F124E1 /* Products */ = {
			isa = PBXGroup;
			children = (
				57C00D1116E73B8F00F124E1 /* HansoftSDKSample_Simple */,
			);
			name = Products;
			sourceTree = "<group>";
		};
		57C00D1316E73B8F00F124E1 /* HansoftSDKSample_Simple */ = {
			isa = PBXGroup;
			children = (
				572BE55916F3677A00828DA9 /* HPMSdk.c */,
				57C00D1D16E73C1200F124E1 /* HansoftSDKSample_Simple.cpp */,
			);
			path = HansoftSDKSample_Simple;
			sourceTree = "<group>";
		};
/* End PBXGroup section */

/* Begin PBXNativeTarget section */
		57C00D1016E73B8F00F124E1 /* HansoftSDKSample_Simple */ = {
			isa = PBXNativeTarget;
			buildConfigurationList = 57C00D1A16E73B8F00F124E1 /* Build configuration list for PBXNativeTarget "HansoftSDKSample_Simple" */;
			buildPhases = (
				57C00D0D16E73B8F00F124E1 /* Sources */,
				57C00D0E16E73B8F00F124E1 /* Frameworks */,
				57C00D0F16E73B8F00F124E1 /* CopyFiles */,
			);
			buildRules = (
			);
			dependencies = (
			);
			name = HansoftSDKSample_Simple;
			productName = HansoftSDKSample_Simple;
			productReference = 57C00D1116E73B8F00F124E1 /* HansoftSDKSample_Simple */;
			productType = "com.apple.product-type.tool";
		};
/* End PBXNativeTarget section */

/* Begin PBXProject section */
		57C00D0916E73B8F00F124E1 /* Project object */ = {
			isa = PBXProject;
			attributes = {
				LastUpgradeCheck = 0460;
				ORGANIZATIONNAME = "Hansoft AB";
			};
			buildConfigurationList = 57C00D0C16E73B8F00F124E1 /* Build configuration list for PBXProject "HansoftSDKSample_Simple" */;
			compatibilityVersion = "Xcode 3.2";
			developmentRegion = English;
			hasScannedForEncodings = 0;
			knownRegions = (
				en,
			);
			mainGroup = 57C00D0816E73B8F00F124E1;
			productRefGroup = 57C00D1216E73B8F00F124E1 /* Products */;
			projectDirPath = "";
			projectRoot = "";
			targets = (
				57C00D1016E73B8F00F124E1 /* HansoftSDKSample_Simple */,
			);
		};
/* End PBXProject section */

/* Begin PBXSourcesBuildPhase section */
		57C00D0D16E73B8F00F124E1 /* Sources */ = {
			isa = PBXSourcesBuildPhase;
			buildActionMask = 2147483647;
			files = (
				57C00D1E16E73C1200F124E1 /* HansoftSDKSample_Simple.cpp in Sources */,
				572BE55A16F3677A00828DA9 /* HPMSdk.c in Sources */,
			);
			runOnlyForDeploymentPostprocessing = 0;
		};
/* End PBXSourcesBuildPhase section */

/* Begin XCBuildConfiguration section */
		57C00D1816E73B8F00F124E1 /* Debug */ = {
			isa = XCBuildConfiguration;
			buildSettings = {
				ALWAYS_SEARCH_USER_PATHS = NO;
				ARCHS = "$(ARCHS_STANDARD_64_BIT)";
				CLANG_CXX_LANGUAGE_STANDARD = "c++0x";
				CLANG_CXX_LIBRARY = "libc++";
				CLANG_WARN_CONSTANT_CONVERSION = YES;
				CLANG_WARN_EMPTY_BODY = YES;
				CLANG_WARN_ENUM_CONVERSION = YES;
				CLANG_WARN_INT_CONVERSION = YES;
				CLANG_WARN__DUPLICATE_METHOD_MATCH = YES;
				COPY_PHASE_STRIP = NO;
				GCC_C_LANGUAGE_STANDARD = "compiler-default";
				GCC_DYNAMIC_NO_PIC = NO;
				GCC_ENABLE_OBJC_EXCEPTIONS = YES;
				GCC_OPTIMIZATION_LEVEL = 0;
				GCC_PREPROCESSOR_DEFINITIONS = (
					"DEBUG=1",
					"$(inherited)",
				);
				GCC_SYMBOLS_PRIVATE_EXTERN = NO;
				GCC_WARN_64_TO_32_BIT_CONVERSION = YES;
				GCC_WARN_ABOUT_RETURN_TYPE = YES;
				GCC_WARN_UNINITIALIZED_AUTOS = YES;
				GCC_WARN_UNUSED_VARIABLE = YES;
				MACOSX_DEPLOYMENT_TARGET = "";
				ONLY_ACTIVE_ARCH = YES;
				SDKROOT = macosx;
			};
			name = Debug;
		};
		57C00D1916E73B8F00F124E1 /* Release */ = {
			isa = XCBuildConfiguration;
			buildSettings = {
				ALWAYS_SEARCH_USER_PATHS = NO;
				ARCHS = "$(ARCHS_STANDARD_64_BIT)";
				CLANG_CXX_LANGUAGE_STANDARD = "c++0x";
				CLANG_CXX_LIBRARY = "libc++";
				CLANG_WARN_CONSTANT_CONVERSION = YES;
				CLANG_WARN_EMPTY_BODY = YES;
				CLANG_WARN_ENUM_CONVERSION = YES;
				CLANG_WARN_INT_CONVERSION = YES;
				CLANG_WARN__DUPLICATE_METHOD_MATCH = YES;
				COPY_PHASE_STRIP = YES;
				DEBUG_INFORMATION_FORMAT = "dwarf-with-dsym";
				GCC_C_LANGUAGE_STANDARD = "compiler-default";
				GCC_ENABLE_OBJC_EXCEPTIONS = YES;
				GCC_WARN_64_TO_32_BIT_CONVERSION = YES;
				GCC_WARN_ABOUT_RETURN_TYPE = YES;
				GCC_WARN_UNINITIALIZED_AUTOS = YES;
				GCC_WARN_UNUSED_VARIABLE = YES;
				MACOSX_DEPLOYMENT_TARGET = "";
				SDKROOT = macosx;
			};
			name = Release;
		};
		57C00D1B16E73B8F00F124E1 /* Debug */ = {
			isa = XCBuildConfiguration;
			buildSettings = {
				CLANG_CXX_LANGUAGE_STANDARD = "c++0x";
				GCC_C_LANGUAGE_STANDARD = "compiler-default";
				MACOSX_DEPLOYMENT_TARGET = "";
				PRODUCT_NAME = "$(TARGET_NAME)";
				SDKROOT = "";
			};
			name = Debug;
		};
		57C00D1C16E73B8F00F124E1 /* Release */ = {
			isa = XCBuildConfiguration;
			buildSettings = {
				CLANG_CXX_LANGUAGE_STANDARD = "c++0x";
				GCC_C_LANGUAGE_STANDARD = "compiler-default";
				MACOSX_DEPLOYMENT_TARGET = "";
				PRODUCT_NAME = "$(TARGET_NAME)";
				SDKROOT = "";
			};
			name = Release;
		};
/* End XCBuildConfiguration section */

/* Begin XCConfigurationList section */
		57C00D0C16E73B8F00F124E1 /* Build configuration list for PBXProject "HansoftSDKSample_Simple" */ = {
			isa = XCConfigurationList;
			buildConfigurations = (
				57C00D1816E73B8F00F124E1 /* Debug */,
				57C00D1916E73B8F00F124E1 /* Release */,
			);
			defaultConfigurationIsVisible = 0;
			defaultConfigurationName = Release;
		};
		57C00D1A16E73B8F00F124E1 /* Build configuration list for PBXNativeTarget "HansoftSDKSample_Simple" */ = {
			isa = XCConfigurationList;
			buildConfigurations = (
				57C00D1B16E73B8F00F124E1 /* Debug */,
				57C00D1C16E73B8F00F124E1 /* Release */,
			);
			defaultConfigurationIsVisible = 0;
			defaultConfigurationName = Release;
		};
/* End XCConfigurationList section */
	};
	rootObject = 57C00D0916E73B8F00F124E1 /* Project object */;
}
